
Microsoft Visual Studio Solution File, Format Version 12.00
# Visual Studio Version 17
VisualStudioVersion = 17.7.34202.233
MinimumVisualStudioVersion = 10.0.40219.1
Project("{FAE04EC0-301F-11D3-BF4B-00C04F79EFBC}") = "CursoCSharp", "CursoCSharp\CursoCSharp.csproj", "{B20500A5-8895-43FF-B80B-0296C4242EB1}"
EndProject
Global
	GlobalSection(SolutionConfigurationPlatforms) = preSolution
		Debug|Any CPU = Debug|Any CPU
		Release|Any CPU = Release|Any CPU
	EndGlobalSection
	GlobalSection(ProjectConfigurationPlatforms) = postSolution
		{B20500A5-8895-43FF-B80B-0296C4242EB1}.Debug|Any CPU.ActiveCfg = Debug|Any CPU
		{B20500A5-8895-43FF-B80B-0296C4242EB1}.Debug|Any CPU.Build.0 = Debug|Any CPU
		{B20500A5-8895-43FF-B80B-0296C4242EB1}.Release|Any CPU.ActiveCfg = Release|Any CPU
		{B20500A5-8895-43FF-B80B-0296C4242EB1}.Release|Any CPU.Build.0 = Release|Any CPU
	EndGlobalSection
	GlobalSection(SolutionProperties) = preSolution
		HideSolutionNode = FALSE
	EndGlobalSection
	GlobalSection(ExtensibilityGlobals) = postSolution
		SolutionGuid = {F6C0EF31-011E-49E8-8BFC-935D20E75919}
	EndGlobalSection
EndGlobal
